// !$*UTF8*$!
{
	archiveVersion = 1;
	classes = {
	};
	objectVersion = 56;
	objects = {

/* Begin PBXBuildFile section */
		346AAB3F2DC2954900841272 /* gamApp.swift in Sources */ = {isa = PBXBuildFile; fileRef = 346AAB3E2DC2954900841272 /* gamApp.swift */; };
		346AAB412DC2954900841272 /* ContentView.swift in Sources */ = {isa = PBXBuildFile; fileRef = 346AAB402DC2954900841272 /* ContentView.swift */; };
		346AAB432DC2954B00841272 /* Assets.xcassets in Resources */ = {isa = PBXBuildFile; fileRef = 346AAB422DC2954B00841272 /* Assets.xcassets */; };
		346AAB462DC2954B00841272 /* Preview Assets.xcassets in Resources */ = {isa = PBXBuildFile; fileRef = 346AAB452DC2954B00841272 /* Preview Assets.xcassets */; };
		346AAB4D2DC2984800841272 /* BallJuggler.swift in Sources */ = {isa = PBXBuildFile; fileRef = 346AAB4C2DC2984800841272 /* BallJuggler.swift */; };
		346AAB4F2DC29A0E00841272 /* GamesView.swift in Sources */ = {isa = PBXBuildFile; fileRef = 346AAB4E2DC29A0E00841272 /* GamesView.swift */; };
		3BCAEC462DCA785A00CEDAEF /* KnotsGame.swift in Sources */ = {isa = PBXBuildFile; fileRef = 3BCAEC452DCA785A00CEDAEF /* KnotsGame.swift */; };
		EBD2F4052DC296FF0041C7C0 /* BlobView.swift in Sources */ = {isa = PBXBuildFile; fileRef = EBD2F4042DC296FF0041C7C0 /* BlobView.swift */; };
		EBD2F4072DC2974E0041C7C0 /* ShopView.swift in Sources */ = {isa = PBXBuildFile; fileRef = EBD2F4062DC2974E0041C7C0 /* ShopView.swift */; };
/* End PBXBuildFile section */

/* Begin PBXFileReference section */
		346AAB3B2DC2954900841272 /* gam.app */ = {isa = PBXFileReference; explicitFileType = wrapper.application; includeInIndex = 0; path = gam.app; sourceTree = BUILT_PRODUCTS_DIR; };
		346AAB3E2DC2954900841272 /* gamApp.swift */ = {isa = PBXFileReference; lastKnownFileType = sourcecode.swift; path = gamApp.swift; sourceTree = "<group>"; };
		346AAB402DC2954900841272 /* ContentView.swift */ = {isa = PBXFileReference; lastKnownFileType = sourcecode.swift; path = ContentView.swift; sourceTree = "<group>"; };
		346AAB422DC2954B00841272 /* Assets.xcassets */ = {isa = PBXFileReference; lastKnownFileType = folder.assetcatalog; path = Assets.xcassets; sourceTree = "<group>"; };
		346AAB452DC2954B00841272 /* Preview Assets.xcassets */ = {isa = PBXFileReference; lastKnownFileType = folder.assetcatalog; path = "Preview Assets.xcassets"; sourceTree = "<group>"; };
		346AAB4C2DC2984800841272 /* BallJuggler.swift */ = {isa = PBXFileReference; lastKnownFileType = sourcecode.swift; path = BallJuggler.swift; sourceTree = "<group>"; };
		346AAB4E2DC29A0E00841272 /* GamesView.swift */ = {isa = PBXFileReference; lastKnownFileType = sourcecode.swift; path = GamesView.swift; sourceTree = "<group>"; };
		3BCAEC452DCA785A00CEDAEF /* KnotsGame.swift */ = {isa = PBXFileReference; lastKnownFileType = sourcecode.swift; path = KnotsGame.swift; sourceTree = "<group>"; };
		EBD2F4042DC296FF0041C7C0 /* BlobView.swift */ = {isa = PBXFileReference; lastKnownFileType = sourcecode.swift; path = BlobView.swift; sourceTree = "<group>"; };
		EBD2F4062DC2974E0041C7C0 /* ShopView.swift */ = {isa = PBXFileReference; lastKnownFileType = sourcecode.swift; path = ShopView.swift; sourceTree = "<group>"; };
		EBF210F42DCBD2D200C79BE2 /* Info.plist */ = {isa = PBXFileReference; lastKnownFileType = text.plist; path = Info.plist; sourceTree = "<group>"; };
/* End PBXFileReference section */

/* Begin PBXFrameworksBuildPhase section */
		346AAB382DC2954900841272 /* Frameworks */ = {
			isa = PBXFrameworksBuildPhase;
			buildActionMask = 2147483647;
			files = (
			);
			runOnlyForDeploymentPostprocessing = 0;
		};
/* End PBXFrameworksBuildPhase section */

/* Begin PBXGroup section */
		346AAB322DC2954900841272 = {
			isa = PBXGroup;
			children = (
				346AAB3D2DC2954900841272 /* gam */,
				346AAB3C2DC2954900841272 /* Products */,
			);
			sourceTree = "<group>";
		};
		346AAB3C2DC2954900841272 /* Products */ = {
			isa = PBXGroup;
			children = (
				346AAB3B2DC2954900841272 /* gam.app */,
			);
			name = Products;
			sourceTree = "<group>";
		};
		346AAB3D2DC2954900841272 /* gam */ = {
			isa = PBXGroup;
			children = (
				EBF210F42DCBD2D200C79BE2 /* Info.plist */,
				EBD2F4062DC2974E0041C7C0 /* ShopView.swift */,
				346AAB3E2DC2954900841272 /* gamApp.swift */,
				346AAB402DC2954900841272 /* ContentView.swift */,
				346AAB4E2DC29A0E00841272 /* GamesView.swift */,
				346AAB4C2DC2984800841272 /* BallJuggler.swift */,
				EBD2F4042DC296FF0041C7C0 /* BlobView.swift */,
				3BCAEC452DCA785A00CEDAEF /* KnotsGame.swift */,
				346AAB422DC2954B00841272 /* Assets.xcassets */,
				346AAB442DC2954B00841272 /* Preview Content */,
			);
			path = gam;
			sourceTree = "<group>";
		};
		346AAB442DC2954B00841272 /* Preview Content */ = {
			isa = PBXGroup;
			children = (
				346AAB452DC2954B00841272 /* Preview Assets.xcassets */,
			);
			path = "Preview Content";
			sourceTree = "<group>";
		};
/* End PBXGroup section */

/* Begin PBXNativeTarget section */
		346AAB3A2DC2954900841272 /* gam */ = {
			isa = PBXNativeTarget;
			buildConfigurationList = 346AAB492DC2954B00841272 /* Build configuration list for PBXNativeTarget "gam" */;
			buildPhases = (
				346AAB372DC2954900841272 /* Sources */,
				346AAB382DC2954900841272 /* Frameworks */,
				346AAB392DC2954900841272 /* Resources */,
			);
			buildRules = (
			);
			dependencies = (
			);
			name = gam;
			productName = gam;
			productReference = 346AAB3B2DC2954900841272 /* gam.app */;
			productType = "com.apple.product-type.application";
		};
/* End PBXNativeTarget section */

/* Begin PBXProject section */
		346AAB332DC2954900841272 /* Project object */ = {
			isa = PBXProject;
			attributes = {
				BuildIndependentTargetsInParallel = 1;
				LastSwiftUpdateCheck = 1540;
				LastUpgradeCheck = 1540;
				TargetAttributes = {
					346AAB3A2DC2954900841272 = {
						CreatedOnToolsVersion = 15.4;
					};
				};
			};
			buildConfigurationList = 346AAB362DC2954900841272 /* Build configuration list for PBXProject "gam" */;
			compatibilityVersion = "Xcode 14.0";
			developmentRegion = en;
			hasScannedForEncodings = 0;
			knownRegions = (
				en,
				Base,
			);
			mainGroup = 346AAB322DC2954900841272;
			productRefGroup = 346AAB3C2DC2954900841272 /* Products */;
			projectDirPath = "";
			projectRoot = "";
			targets = (
				346AAB3A2DC2954900841272 /* gam */,
			);
		};
/* End PBXProject section */

/* Begin PBXResourcesBuildPhase section */
		346AAB392DC2954900841272 /* Resources */ = {
			isa = PBXResourcesBuildPhase;
			buildActionMask = 2147483647;
			files = (
				346AAB462DC2954B00841272 /* Preview Assets.xcassets in Resources */,
				346AAB432DC2954B00841272 /* Assets.xcassets in Resources */,
			);
			runOnlyForDeploymentPostprocessing = 0;
		};
/* End PBXResourcesBuildPhase section */

/* Begin PBXSourcesBuildPhase section */
		346AAB372DC2954900841272 /* Sources */ = {
			isa = PBXSourcesBuildPhase;
			buildActionMask = 2147483647;
			files = (
				346AAB4F2DC29A0E00841272 /* GamesView.swift in Sources */,
				346AAB4D2DC2984800841272 /* BallJuggler.swift in Sources */,
				3BCAEC462DCA785A00CEDAEF /* KnotsGame.swift in Sources */,
				EBD2F4052DC296FF0041C7C0 /* BlobView.swift in Sources */,
				346AAB412DC2954900841272 /* ContentView.swift in Sources */,
				EBD2F4072DC2974E0041C7C0 /* ShopView.swift in Sources */,
				346AAB3F2DC2954900841272 /* gamApp.swift in Sources */,
			);
			runOnlyForDeploymentPostprocessing = 0;
		};
/* End PBXSourcesBuildPhase section */

/* Begin XCBuildConfiguration section */
		346AAB472DC2954B00841272 /* Debug */ = {
			isa = XCBuildConfiguration;
			buildSettings = {
				ALWAYS_SEARCH_USER_PATHS = NO;
				ASSETCATALOG_COMPILER_GENERATE_SWIFT_ASSET_SYMBOL_EXTENSIONS = YES;
				CLANG_ANALYZER_NONNULL = YES;
				CLANG_ANALYZER_NUMBER_OBJECT_CONVERSION = YES_AGGRESSIVE;
				CLANG_CXX_LANGUAGE_STANDARD = "gnu++20";
				CLANG_ENABLE_MODULES = YES;
				CLANG_ENABLE_OBJC_ARC = YES;
				CLANG_ENABLE_OBJC_WEAK = YES;
				CLANG_WARN_BLOCK_CAPTURE_AUTORELEASING = YES;
				CLANG_WARN_BOOL_CONVERSION = YES;
				CLANG_WARN_COMMA = YES;
				CLANG_WARN_CONSTANT_CONVERSION = YES;
				CLANG_WARN_DEPRECATED_OBJC_IMPLEMENTATIONS = YES;
				CLANG_WARN_DIRECT_OBJC_ISA_USAGE = YES_ERROR;
				CLANG_WARN_DOCUMENTATION_COMMENTS = YES;
				CLANG_WARN_EMPTY_BODY = YES;
				CLANG_WARN_ENUM_CONVERSION = YES;
				CLANG_WARN_INFINITE_RECURSION = YES;
				CLANG_WARN_INT_CONVERSION = YES;
				CLANG_WARN_NON_LITERAL_NULL_CONVERSION = YES;
				CLANG_WARN_OBJC_IMPLICIT_RETAIN_SELF = YES;
				CLANG_WARN_OBJC_LITERAL_CONVERSION = YES;
				CLANG_WARN_OBJC_ROOT_CLASS = YES_ERROR;
				CLANG_WARN_QUOTED_INCLUDE_IN_FRAMEWORK_HEADER = YES;
				CLANG_WARN_RANGE_LOOP_ANALYSIS = YES;
				CLANG_WARN_STRICT_PROTOTYPES = YES;
				CLANG_WARN_SUSPICIOUS_MOVE = YES;
				CLANG_WARN_UNGUARDED_AVAILABILITY = YES_AGGRESSIVE;
				CLANG_WARN_UNREACHABLE_CODE = YES;
				CLANG_WARN__DUPLICATE_METHOD_MATCH = YES;
				COPY_PHASE_STRIP = NO;
				DEBUG_INFORMATION_FORMAT = dwarf;
				ENABLE_STRICT_OBJC_MSGSEND = YES;
				ENABLE_TESTABILITY = YES;
				ENABLE_USER_SCRIPT_SANDBOXING = YES;
				GCC_C_LANGUAGE_STANDARD = gnu17;
				GCC_DYNAMIC_NO_PIC = NO;
				GCC_NO_COMMON_BLOCKS = YES;
				GCC_OPTIMIZATION_LEVEL = 0;
				GCC_PREPROCESSOR_DEFINITIONS = (
					"DEBUG=1",
					"$(inherited)",
				);
				GCC_WARN_64_TO_32_BIT_CONVERSION = YES;
				GCC_WARN_ABOUT_RETURN_TYPE = YES_ERROR;
				GCC_WARN_UNDECLARED_SELECTOR = YES;
				GCC_WARN_UNINITIALIZED_AUTOS = YES_AGGRESSIVE;
				GCC_WARN_UNUSED_FUNCTION = YES;
				GCC_WARN_UNUSED_VARIABLE = YES;
				IPHONEOS_DEPLOYMENT_TARGET = 17.5;
				LOCALIZATION_PREFERS_STRING_CATALOGS = YES;
				MTL_ENABLE_DEBUG_INFO = INCLUDE_SOURCE;
				MTL_FAST_MATH = YES;
				ONLY_ACTIVE_ARCH = YES;
				SDKROOT = iphoneos;
				SWIFT_ACTIVE_COMPILATION_CONDITIONS = "DEBUG $(inherited)";
				SWIFT_OPTIMIZATION_LEVEL = "-Onone";
			};
			name = Debug;
		};
		346AAB482DC2954B00841272 /* Release */ = {
			isa = XCBuildConfiguration;
			buildSettings = {
				ALWAYS_SEARCH_USER_PATHS = NO;
				ASSETCATALOG_COMPILER_GENERATE_SWIFT_ASSET_SYMBOL_EXTENSIONS = YES;
				CLANG_ANALYZER_NONNULL = YES;
				CLANG_ANALYZER_NUMBER_OBJECT_CONVERSION = YES_AGGRESSIVE;
				CLANG_CXX_LANGUAGE_STANDARD = "gnu++20";
				CLANG_ENABLE_MODULES = YES;
				CLANG_ENABLE_OBJC_ARC = YES;
				CLANG_ENABLE_OBJC_WEAK = YES;
				CLANG_WARN_BLOCK_CAPTURE_AUTORELEASING = YES;
				CLANG_WARN_BOOL_CONVERSION = YES;
				CLANG_WARN_COMMA = YES;
				CLANG_WARN_CONSTANT_CONVERSION = YES;
				CLANG_WARN_DEPRECATED_OBJC_IMPLEMENTATIONS = YES;
				CLANG_WARN_DIRECT_OBJC_ISA_USAGE = YES_ERROR;
				CLANG_WARN_DOCUMENTATION_COMMENTS = YES;
				CLANG_WARN_EMPTY_BODY = YES;
				CLANG_WARN_ENUM_CONVERSION = YES;
				CLANG_WARN_INFINITE_RECURSION = YES;
				CLANG_WARN_INT_CONVERSION = YES;
				CLANG_WARN_NON_LITERAL_NULL_CONVERSION = YES;
				CLANG_WARN_OBJC_IMPLICIT_RETAIN_SELF = YES;
				CLANG_WARN_OBJC_LITERAL_CONVERSION = YES;
				CLANG_WARN_OBJC_ROOT_CLASS = YES_ERROR;
				CLANG_WARN_QUOTED_INCLUDE_IN_FRAMEWORK_HEADER = YES;
				CLANG_WARN_RANGE_LOOP_ANALYSIS = YES;
				CLANG_WARN_STRICT_PROTOTYPES = YES;
				CLANG_WARN_SUSPICIOUS_MOVE = YES;
				CLANG_WARN_UNGUARDED_AVAILABILITY = YES_AGGRESSIVE;
				CLANG_WARN_UNREACHABLE_CODE = YES;
				CLANG_WARN__DUPLICATE_METHOD_MATCH = YES;
				COPY_PHASE_STRIP = NO;
				DEBUG_INFORMATION_FORMAT = "dwarf-with-dsym";
				ENABLE_NS_ASSERTIONS = NO;
				ENABLE_STRICT_OBJC_MSGSEND = YES;
				ENABLE_USER_SCRIPT_SANDBOXING = YES;
				GCC_C_LANGUAGE_STANDARD = gnu17;
				GCC_NO_COMMON_BLOCKS = YES;
				GCC_WARN_64_TO_32_BIT_CONVERSION = YES;
				GCC_WARN_ABOUT_RETURN_TYPE = YES_ERROR;
				GCC_WARN_UNDECLARED_SELECTOR = YES;
				GCC_WARN_UNINITIALIZED_AUTOS = YES_AGGRESSIVE;
				GCC_WARN_UNUSED_FUNCTION = YES;
				GCC_WARN_UNUSED_VARIABLE = YES;
				IPHONEOS_DEPLOYMENT_TARGET = 17.5;
				LOCALIZATION_PREFERS_STRING_CATALOGS = YES;
				MTL_ENABLE_DEBUG_INFO = NO;
				MTL_FAST_MATH = YES;
				SDKROOT = iphoneos;
				SWIFT_COMPILATION_MODE = wholemodule;
				VALIDATE_PRODUCT = YES;
			};
			name = Release;
		};
		346AAB4A2DC2954B00841272 /* Debug */ = {
			isa = XCBuildConfiguration;
			buildSettings = {
				ASSETCATALOG_COMPILER_APPICON_NAME = AppIcon;
				ASSETCATALOG_COMPILER_GLOBAL_ACCENT_COLOR_NAME = AccentColor;
				CODE_SIGN_STYLE = Automatic;
				CURRENT_PROJECT_VERSION = 1;
				DEVELOPMENT_ASSET_PATHS = "\"gam/Preview Content\"";
				ENABLE_PREVIEWS = YES;
				GENERATE_INFOPLIST_FILE = YES;
				INFOPLIST_FILE = gam/Info.plist;
				INFOPLIST_KEY_UIApplicationSceneManifest_Generation = YES;
				INFOPLIST_KEY_UIApplicationSupportsIndirectInputEvents = YES;
				INFOPLIST_KEY_UILaunchScreen_Generation = YES;
				INFOPLIST_KEY_UISupportedInterfaceOrientations_iPad = "UIInterfaceOrientationPortrait UIInterfaceOrientationPortraitUpsideDown UIInterfaceOrientationLandscapeLeft UIInterfaceOrientationLandscapeRight";
				LD_RUNPATH_SEARCH_PATHS = (
					"$(inherited)",
					"@executable_path/Frameworks",
				);
				MARKETING_VERSION = 1.0;
				PRODUCT_BUNDLE_IDENTIFIER = net.lths.512413.gam;
				PRODUCT_NAME = "$(TARGET_NAME)";
				SWIFT_EMIT_LOC_STRINGS = YES;
				SWIFT_VERSION = 5.0;
				TARGETED_DEVICE_FAMILY = "1,2";
			};
			name = Debug;
		};
		346AAB4B2DC2954B00841272 /* Release */ = {
			isa = XCBuildConfiguration;
			buildSettings = {
				ASSETCATALOG_COMPILER_APPICON_NAME = AppIcon;
				ASSETCATALOG_COMPILER_GLOBAL_ACCENT_COLOR_NAME = AccentColor;
				CODE_SIGN_STYLE = Automatic;
				CURRENT_PROJECT_VERSION = 1;
				DEVELOPMENT_ASSET_PATHS = "\"gam/Preview Content\"";
				ENABLE_PREVIEWS = YES;
				GENERATE_INFOPLIST_FILE = YES;
				INFOPLIST_FILE = gam/Info.plist;
				INFOPLIST_KEY_UIApplicationSceneManifest_Generation = YES;
				INFOPLIST_KEY_UIApplicationSupportsIndirectInputEvents = YES;
				INFOPLIST_KEY_UILaunchScreen_Generation = YES;
				INFOPLIST_KEY_UISupportedInterfaceOrientations_iPad = "UIInterfaceOrientationPortrait UIInterfaceOrientationPortraitUpsideDown UIInterfaceOrientationLandscapeLeft UIInterfaceOrientationLandscapeRight";
				LD_RUNPATH_SEARCH_PATHS = (
					"$(inherited)",
					"@executable_path/Frameworks",
				);
				MARKETING_VERSION = 1.0;
				PRODUCT_BUNDLE_IDENTIFIER = net.lths.512413.gam;
				PRODUCT_NAME = "$(TARGET_NAME)";
				SWIFT_EMIT_LOC_STRINGS = YES;
				SWIFT_VERSION = 5.0;
				TARGETED_DEVICE_FAMILY = "1,2";
			};
			name = Release;
		};
/* End XCBuildConfiguration section */

/* Begin XCConfigurationList section */
		346AAB362DC2954900841272 /* Build configuration list for PBXProject "gam" */ = {
			isa = XCConfigurationList;
			buildConfigurations = (
				346AAB472DC2954B00841272 /* Debug */,
				346AAB482DC2954B00841272 /* Release */,
			);
			defaultConfigurationIsVisible = 0;
			defaultConfigurationName = Release;
		};
		346AAB492DC2954B00841272 /* Build configuration list for PBXNativeTarget "gam" */ = {
			isa = XCConfigurationList;
			buildConfigurations = (
				346AAB4A2DC2954B00841272 /* Debug */,
				346AAB4B2DC2954B00841272 /* Release */,
			);
			defaultConfigurationIsVisible = 0;
			defaultConfigurationName = Release;
		};
/* End XCConfigurationList section */
	};
	rootObject = 346AAB332DC2954900841272 /* Project object */;
}
